// !$*UTF8*$!
{
	archiveVersion = 1;
	classes = {
	};
	objectVersion = 77;
	objects = {

/* Begin PBXContainerItemProxy section */
		7D6ED5102E536EA000114673 /* PBXContainerItemProxy */ = {
			isa = PBXContainerItemProxy;
			containerPortal = 7D6ED4EE2E536E9D00114673 /* Project object */;
			proxyType = 1;
			remoteGlobalIDString = 7D6ED4F52E536E9D00114673;
			remoteInfo = JIFT;
		};
		7D6ED51A2E536EA000114673 /* PBXContainerItemProxy */ = {
			isa = PBXContainerItemProxy;
			containerPortal = 7D6ED4EE2E536E9D00114673 /* Project object */;
			proxyType = 1;
			remoteGlobalIDString = 7D6ED4F52E536E9D00114673;
			remoteInfo = JIFT;
		};
/* End PBXContainerItemProxy section */

/* Begin PBXFileReference section */
		7D6ED4F62E536E9D00114673 /* JIFT.app */ = {isa = PBXFileReference; explicitFileType = wrapper.application; includeInIndex = 0; path = JIFT.app; sourceTree = BUILT_PRODUCTS_DIR; };
		7D6ED50F2E536EA000114673 /* JIFTTests.xctest */ = {isa = PBXFileReference; explicitFileType = wrapper.cfbundle; includeInIndex = 0; path = JIFTTests.xctest; sourceTree = BUILT_PRODUCTS_DIR; };
		7D6ED5192E536EA000114673 /* JIFTUITests.xctest */ = {isa = PBXFileReference; explicitFileType = wrapper.cfbundle; includeInIndex = 0; path = JIFTUITests.xctest; sourceTree = BUILT_PRODUCTS_DIR; };
/* End PBXFileReference section */

/* Begin PBXFileSystemSynchronizedBuildFileExceptionSet section */
		7D6ED5212E536EA000114673 /* Exceptions for "JIFT" folder in "JIFT" target */ = {
			isa = PBXFileSystemSynchronizedBuildFileExceptionSet;
			membershipExceptions = (
				Info.plist,
			);
			target = 7D6ED4F52E536E9D00114673 /* JIFT */;
		};
/* End PBXFileSystemSynchronizedBuildFileExceptionSet section */

/* Begin PBXFileSystemSynchronizedRootGroup section */
		7D6ED4F82E536E9D00114673 /* JIFT */ = {
			isa = PBXFileSystemSynchronizedRootGroup;
			exceptions = (
				7D6ED5212E536EA000114673 /* Exceptions for "JIFT" folder in "JIFT" target */,
			);
			path = JIFT;
			sourceTree = "<group>";
		};
		7D6ED5122E536EA000114673 /* JIFTTests */ = {
			isa = PBXFileSystemSynchronizedRootGroup;
			path = JIFTTests;
			sourceTree = "<group>";
		};
		7D6ED51C2E536EA000114673 /* JIFTUITests */ = {
			isa = PBXFileSystemSynchronizedRootGroup;
			path = JIFTUITests;
			sourceTree = "<group>";
		};
		7D6ED5362E53703200114673 /* Core */ = {
			isa = PBXFileSystemSynchronizedRootGroup;
			path = Core;
			sourceTree = "<group>";
		};
		7D6ED5442E53703200114673 /* Modules */ = {
			isa = PBXFileSystemSynchronizedRootGroup;
			path = Modules;
			sourceTree = "<group>";
		};
/* End PBXFileSystemSynchronizedRootGroup section */

/* Begin PBXFrameworksBuildPhase section */
		7D6ED4F32E536E9D00114673 /* Frameworks */ = {
			isa = PBXFrameworksBuildPhase;
			buildActionMask = 2147483647;
			files = (
			);
			runOnlyForDeploymentPostprocessing = 0;
		};
		7D6ED50C2E536EA000114673 /* Frameworks */ = {
			isa = PBXFrameworksBuildPhase;
			buildActionMask = 2147483647;
			files = (
			);
			runOnlyForDeploymentPostprocessing = 0;
		};
		7D6ED5162E536EA000114673 /* Frameworks */ = {
			isa = PBXFrameworksBuildPhase;
			buildActionMask = 2147483647;
			files = (
			);
			runOnlyForDeploymentPostprocessing = 0;
		};
/* End PBXFrameworksBuildPhase section */

/* Begin PBXGroup section */
		7D6ED4ED2E536E9D00114673 = {
			isa = PBXGroup;
			children = (
				7D6ED5362E53703200114673 /* Core */,
				7D6ED5442E53703200114673 /* Modules */,
				7D6ED4F82E536E9D00114673 /* JIFT */,
				7D6ED5122E536EA000114673 /* JIFTTests */,
				7D6ED51C2E536EA000114673 /* JIFTUITests */,
				7D6ED4F72E536E9D00114673 /* Products */,
			);
			sourceTree = "<group>";
		};
		7D6ED4F72E536E9D00114673 /* Products */ = {
			isa = PBXGroup;
			children = (
				7D6ED4F62E536E9D00114673 /* JIFT.app */,
				7D6ED50F2E536EA000114673 /* JIFTTests.xctest */,
				7D6ED5192E536EA000114673 /* JIFTUITests.xctest */,
			);
			name = Products;
			sourceTree = "<group>";
		};
/* End PBXGroup section */

/* Begin PBXNativeTarget section */
		7D6ED4F52E536E9D00114673 /* JIFT */ = {
			isa = PBXNativeTarget;
			buildConfigurationList = 7D6ED5222E536EA000114673 /* Build configuration list for PBXNativeTarget "JIFT" */;
			buildPhases = (
				7D6ED4F22E536E9D00114673 /* Sources */,
				7D6ED4F32E536E9D00114673 /* Frameworks */,
				7D6ED4F42E536E9D00114673 /* Resources */,
			);
			buildRules = (
			);
			dependencies = (
			);
			fileSystemSynchronizedGroups = (
				7D6ED4F82E536E9D00114673 /* JIFT */,
				7D6ED5362E53703200114673 /* Core */,
				7D6ED5442E53703200114673 /* Modules */,
			);
			name = JIFT;
			packageProductDependencies = (
			);
			productName = JIFT;
			productReference = 7D6ED4F62E536E9D00114673 /* JIFT.app */;
			productType = "com.apple.product-type.application";
		};
		7D6ED50E2E536EA000114673 /* JIFTTests */ = {
			isa = PBXNativeTarget;
			buildConfigurationList = 7D6ED5272E536EA000114673 /* Build configuration list for PBXNativeTarget "JIFTTests" */;
			buildPhases = (
				7D6ED50B2E536EA000114673 /* Sources */,
				7D6ED50C2E536EA000114673 /* Frameworks */,
				7D6ED50D2E536EA000114673 /* Resources */,
			);
			buildRules = (
			);
			dependencies = (
				7D6ED5112E536EA000114673 /* PBXTargetDependency */,
			);
			fileSystemSynchronizedGroups = (
				7D6ED5122E536EA000114673 /* JIFTTests */,
			);
			name = JIFTTests;
			packageProductDependencies = (
			);
			productName = JIFTTests;
			productReference = 7D6ED50F2E536EA000114673 /* JIFTTests.xctest */;
			productType = "com.apple.product-type.bundle.unit-test";
		};
		7D6ED5182E536EA000114673 /* JIFTUITests */ = {
			isa = PBXNativeTarget;
			buildConfigurationList = 7D6ED52A2E536EA000114673 /* Build configuration list for PBXNativeTarget "JIFTUITests" */;
			buildPhases = (
				7D6ED5152E536EA000114673 /* Sources */,
				7D6ED5162E536EA000114673 /* Frameworks */,
				7D6ED5172E536EA000114673 /* Resources */,
			);
			buildRules = (
			);
			dependencies = (
				7D6ED51B2E536EA000114673 /* PBXTargetDependency */,
			);
			fileSystemSynchronizedGroups = (
				7D6ED51C2E536EA000114673 /* JIFTUITests */,
			);
			name = JIFTUITests;
			packageProductDependencies = (
			);
			productName = JIFTUITests;
			productReference = 7D6ED5192E536EA000114673 /* JIFTUITests.xctest */;
			productType = "com.apple.product-type.bundle.ui-testing";
		};
/* End PBXNativeTarget section */

/* Begin PBXProject section */
		7D6ED4EE2E536E9D00114673 /* Project object */ = {
			isa = PBXProject;
			attributes = {
				BuildIndependentTargetsInParallel = 1;
				LastSwiftUpdateCheck = 1620;
				LastUpgradeCheck = 1620;
				TargetAttributes = {
					7D6ED4F52E536E9D00114673 = {
						CreatedOnToolsVersion = 16.2;
					};
					7D6ED50E2E536EA000114673 = {
						CreatedOnToolsVersion = 16.2;
						TestTargetID = 7D6ED4F52E536E9D00114673;
					};
					7D6ED5182E536EA000114673 = {
						CreatedOnToolsVersion = 16.2;
						TestTargetID = 7D6ED4F52E536E9D00114673;
					};
				};
			};
			buildConfigurationList = 7D6ED4F12E536E9D00114673 /* Build configuration list for PBXProject "JIFT" */;
			developmentRegion = en;
			hasScannedForEncodings = 0;
			knownRegions = (
				en,
				Base,
			);
			mainGroup = 7D6ED4ED2E536E9D00114673;
			minimizedProjectReferenceProxies = 1;
			preferredProjectObjectVersion = 77;
			productRefGroup = 7D6ED4F72E536E9D00114673 /* Products */;
			projectDirPath = "";
			projectRoot = "";
			targets = (
				7D6ED4F52E536E9D00114673 /* JIFT */,
				7D6ED50E2E536EA000114673 /* JIFTTests */,
				7D6ED5182E536EA000114673 /* JIFTUITests */,
			);
		};
/* End PBXProject section */

/* Begin PBXResourcesBuildPhase section */
		7D6ED4F42E536E9D00114673 /* Resources */ = {
			isa = PBXResourcesBuildPhase;
			buildActionMask = 2147483647;
			files = (
			);
			runOnlyForDeploymentPostprocessing = 0;
		};
		7D6ED50D2E536EA000114673 /* Resources */ = {
			isa = PBXResourcesBuildPhase;
			buildActionMask = 2147483647;
			files = (
			);
			runOnlyForDeploymentPostprocessing = 0;
		};
		7D6ED5172E536EA000114673 /* Resources */ = {
			isa = PBXResourcesBuildPhase;
			buildActionMask = 2147483647;
			files = (
			);
			runOnlyForDeploymentPostprocessing = 0;
		};
/* End PBXResourcesBuildPhase section */

/* Begin PBXSourcesBuildPhase section */
		7D6ED4F22E536E9D00114673 /* Sources */ = {
			isa = PBXSourcesBuildPhase;
			buildActionMask = 2147483647;
			files = (
			);
			runOnlyForDeploymentPostprocessing = 0;
		};
		7D6ED50B2E536EA000114673 /* Sources */ = {
			isa = PBXSourcesBuildPhase;
			buildActionMask = 2147483647;
			files = (
			);
			runOnlyForDeploymentPostprocessing = 0;
		};
		7D6ED5152E536EA000114673 /* Sources */ = {
			isa = PBXSourcesBuildPhase;
			buildActionMask = 2147483647;
			files = (
			);
			runOnlyForDeploymentPostprocessing = 0;
		};
/* End PBXSourcesBuildPhase section */

/* Begin PBXTargetDependency section */
		7D6ED5112E536EA000114673 /* PBXTargetDependency */ = {
			isa = PBXTargetDependency;
			target = 7D6ED4F52E536E9D00114673 /* JIFT */;
			targetProxy = 7D6ED5102E536EA000114673 /* PBXContainerItemProxy */;
		};
		7D6ED51B2E536EA000114673 /* PBXTargetDependency */ = {
			isa = PBXTargetDependency;
			target = 7D6ED4F52E536E9D00114673 /* JIFT */;
			targetProxy = 7D6ED51A2E536EA000114673 /* PBXContainerItemProxy */;
		};
/* End PBXTargetDependency section */

/* Begin XCBuildConfiguration section */
		7D6ED5232E536EA000114673 /* Debug */ = {
			isa = XCBuildConfiguration;
			buildSettings = {
				ASSETCATALOG_COMPILER_APPICON_NAME = AppIcon;
				ASSETCATALOG_COMPILER_GLOBAL_ACCENT_COLOR_NAME = AccentColor;
				CODE_SIGN_STYLE = Automatic;
				CURRENT_PROJECT_VERSION = 1;
				DEVELOPMENT_TEAM = FM5UA69R37;
				GENERATE_INFOPLIST_FILE = YES;
				INFOPLIST_FILE = JIFT/Info.plist;
				INFOPLIST_KEY_UIApplicationSupportsIndirectInputEvents = YES;
				INFOPLIST_KEY_UILaunchStoryboardName = LaunchScreen;
				INFOPLIST_KEY_UISupportedInterfaceOrientations_iPad = "UIInterfaceOrientationPortrait UIInterfaceOrientationPortraitUpsideDown UIInterfaceOrientationLandscapeLeft UIInterfaceOrientationLandscapeRight";
				INFOPLIST_KEY_UISupportedInterfaceOrientations_iPhone = "UIInterfaceOrientationPortrait UIInterfaceOrientationLandscapeLeft UIInterfaceOrientationLandscapeRight";
				IPHONEOS_DEPLOYMENT_TARGET = 15.0;
				LD_RUNPATH_SEARCH_PATHS = (
					"$(inherited)",
					"@executable_path/Frameworks",
				);
				MARKETING_VERSION = 1.0;
				PRODUCT_BUNDLE_IDENTIFIER = Kekwaker.JIFT;
				PRODUCT_NAME = "$(TARGET_NAME)";
				SWIFT_EMIT_LOC_STRINGS = YES;
				SWIFT_VERSION = 5.0;
				TARGETED_DEVICE_FAMILY = "1,2";
			};
			name = Debug;
		};
		7D6ED5242E536EA000114673 /* Release */ = {
			isa = XCBuildConfiguration;
			buildSettings = {
				ASSETCATALOG_COMPILER_APPICON_NAME = AppIcon;
				ASSETCATALOG_COMPILER_GLOBAL_ACCENT_COLOR_NAME = AccentColor;
				CODE_SIGN_STYLE = Automatic;
				CURRENT_PROJECT_VERSION = 1;
				DEVELOPMENT_TEAM = FM5UA69R37;
				GENERATE_INFOPLIST_FILE = YES;
				INFOPLIST_FILE = JIFT/Info.plist;
				INFOPLIST_KEY_UIApplicationSupportsIndirectInputEvents = YES;
				INFOPLIST_KEY_UILaunchStoryboardName = LaunchScreen;
				INFOPLIST_KEY_UISupportedInterfaceOrientations_iPad = "UIInterfaceOrientationPortrait UIInterfaceOrientationPortraitUpsideDown UIInterfaceOrientationLandscapeLeft UIInterfaceOrientationLandscapeRight";
				INFOPLIST_KEY_UISupportedInterfaceOrientations_iPhone = "UIInterfaceOrientationPortrait UIInterfaceOrientationLandscapeLeft UIInterfaceOrientationLandscapeRight";
				IPHONEOS_DEPLOYMENT_TARGET = 15.0;
				LD_RUNPATH_SEARCH_PATHS = (
					"$(inherited)",
					"@executable_path/Frameworks",
				);
				MARKETING_VERSION = 1.0;
				PRODUCT_BUNDLE_IDENTIFIER = Kekwaker.JIFT;
				PRODUCT_NAME = "$(TARGET_NAME)";
				SWIFT_EMIT_LOC_STRINGS = YES;
				SWIFT_VERSION = 5.0;
				TARGETED_DEVICE_FAMILY = "1,2";
			};
			name = Release;
		};
		7D6ED5252E536EA000114673 /* Debug */ = {
			isa = XCBuildConfiguration;
			buildSettings = {
				ALWAYS_SEARCH_USER_PATHS = NO;
				ASSETCATALOG_COMPILER_GENERATE_SWIFT_ASSET_SYMBOL_EXTENSIONS = YES;
				CLANG_ANALYZER_NONNULL = YES;
				CLANG_ANALYZER_NUMBER_OBJECT_CONVERSION = YES_AGGRESSIVE;
				CLANG_CXX_LANGUAGE_STANDARD = "gnu++20";
				CLANG_ENABLE_MODULES = YES;
				CLANG_ENABLE_OBJC_ARC = YES;
				CLANG_ENABLE_OBJC_WEAK = YES;
				CLANG_WARN_BLOCK_CAPTURE_AUTORELEASING = YES;
				CLANG_WARN_BOOL_CONVERSION = YES;
				CLANG_WARN_COMMA = YES;
				CLANG_WARN_CONSTANT_CONVERSION = YES;
				CLANG_WARN_DEPRECATED_OBJC_IMPLEMENTATIONS = YES;
				CLANG_WARN_DIRECT_OBJC_ISA_USAGE = YES_ERROR;
				CLANG_WARN_DOCUMENTATION_COMMENTS = YES;
				CLANG_WARN_EMPTY_BODY = YES;
				CLANG_WARN_ENUM_CONVERSION = YES;
				CLANG_WARN_INFINITE_RECURSION = YES;
				CLANG_WARN_INT_CONVERSION = YES;
				CLANG_WARN_NON_LITERAL_NULL_CONVERSION = YES;
				CLANG_WARN_OBJC_IMPLICIT_RETAIN_SELF = YES;
				CLANG_WARN_OBJC_LITERAL_CONVERSION = YES;
				CLANG_WARN_OBJC_ROOT_CLASS = YES_ERROR;
				CLANG_WARN_QUOTED_INCLUDE_IN_FRAMEWORK_HEADER = YES;
				CLANG_WARN_RANGE_LOOP_ANALYSIS = YES;
				CLANG_WARN_STRICT_PROTOTYPES = YES;
				CLANG_WARN_SUSPICIOUS_MOVE = YES;
				CLANG_WARN_UNGUARDED_AVAILABILITY = YES_AGGRESSIVE;
				CLANG_WARN_UNREACHABLE_CODE = YES;
				CLANG_WARN__DUPLICATE_METHOD_MATCH = YES;
				COPY_PHASE_STRIP = NO;
				DEBUG_INFORMATION_FORMAT = dwarf;
				ENABLE_STRICT_OBJC_MSGSEND = YES;
				ENABLE_TESTABILITY = YES;
				ENABLE_USER_SCRIPT_SANDBOXING = YES;
				GCC_C_LANGUAGE_STANDARD = gnu17;
				GCC_DYNAMIC_NO_PIC = NO;
				GCC_NO_COMMON_BLOCKS = YES;
				GCC_OPTIMIZATION_LEVEL = 0;
				GCC_PREPROCESSOR_DEFINITIONS = (
					"DEBUG=1",
					"$(inherited)",
				);
				GCC_WARN_64_TO_32_BIT_CONVERSION = YES;
				GCC_WARN_ABOUT_RETURN_TYPE = YES_ERROR;
				GCC_WARN_UNDECLARED_SELECTOR = YES;
				GCC_WARN_UNINITIALIZED_AUTOS = YES_AGGRESSIVE;
				GCC_WARN_UNUSED_FUNCTION = YES;
				GCC_WARN_UNUSED_VARIABLE = YES;
				IPHONEOS_DEPLOYMENT_TARGET = 18.2;
				LOCALIZATION_PREFERS_STRING_CATALOGS = YES;
				MTL_ENABLE_DEBUG_INFO = INCLUDE_SOURCE;
				MTL_FAST_MATH = YES;
				ONLY_ACTIVE_ARCH = YES;
				SDKROOT = iphoneos;
				SWIFT_ACTIVE_COMPILATION_CONDITIONS = "DEBUG $(inherited)";
				SWIFT_OPTIMIZATION_LEVEL = "-Onone";
			};
			name = Debug;
		};
		7D6ED5262E536EA000114673 /* Release */ = {
			isa = XCBuildConfiguration;
			buildSettings = {
				ALWAYS_SEARCH_USER_PATHS = NO;
				ASSETCATALOG_COMPILER_GENERATE_SWIFT_ASSET_SYMBOL_EXTENSIONS = YES;
				CLANG_ANALYZER_NONNULL = YES;
				CLANG_ANALYZER_NUMBER_OBJECT_CONVERSION = YES_AGGRESSIVE;
				CLANG_CXX_LANGUAGE_STANDARD = "gnu++20";
				CLANG_ENABLE_MODULES = YES;
				CLANG_ENABLE_OBJC_ARC = YES;
				CLANG_ENABLE_OBJC_WEAK = YES;
				CLANG_WARN_BLOCK_CAPTURE_AUTORELEASING = YES;
				CLANG_WARN_BOOL_CONVERSION = YES;
				CLANG_WARN_COMMA = YES;
				CLANG_WARN_CONSTANT_CONVERSION = YES;
				CLANG_WARN_DEPRECATED_OBJC_IMPLEMENTATIONS = YES;
				CLANG_WARN_DIRECT_OBJC_ISA_USAGE = YES_ERROR;
				CLANG_WARN_DOCUMENTATION_COMMENTS = YES;
				CLANG_WARN_EMPTY_BODY = YES;
				CLANG_WARN_ENUM_CONVERSION = YES;
				CLANG_WARN_INFINITE_RECURSION = YES;
				CLANG_WARN_INT_CONVERSION = YES;
				CLANG_WARN_NON_LITERAL_NULL_CONVERSION = YES;
				CLANG_WARN_OBJC_IMPLICIT_RETAIN_SELF = YES;
				CLANG_WARN_OBJC_LITERAL_CONVERSION = YES;
				CLANG_WARN_OBJC_ROOT_CLASS = YES_ERROR;
				CLANG_WARN_QUOTED_INCLUDE_IN_FRAMEWORK_HEADER = YES;
				CLANG_WARN_RANGE_LOOP_ANALYSIS = YES;
				CLANG_WARN_STRICT_PROTOTYPES = YES;
				CLANG_WARN_SUSPICIOUS_MOVE = YES;
				CLANG_WARN_UNGUARDED_AVAILABILITY = YES_AGGRESSIVE;
				CLANG_WARN_UNREACHABLE_CODE = YES;
				CLANG_WARN__DUPLICATE_METHOD_MATCH = YES;
				COPY_PHASE_STRIP = NO;
				DEBUG_INFORMATION_FORMAT = "dwarf-with-dsym";
				ENABLE_NS_ASSERTIONS = NO;
				ENABLE_STRICT_OBJC_MSGSEND = YES;
				ENABLE_USER_SCRIPT_SANDBOXING = YES;
				GCC_C_LANGUAGE_STANDARD = gnu17;
				GCC_NO_COMMON_BLOCKS = YES;
				GCC_WARN_64_TO_32_BIT_CONVERSION = YES;
				GCC_WARN_ABOUT_RETURN_TYPE = YES_ERROR;
				GCC_WARN_UNDECLARED_SELECTOR = YES;
				GCC_WARN_UNINITIALIZED_AUTOS = YES_AGGRESSIVE;
				GCC_WARN_UNUSED_FUNCTION = YES;
				GCC_WARN_UNUSED_VARIABLE = YES;
				IPHONEOS_DEPLOYMENT_TARGET = 18.2;
				LOCALIZATION_PREFERS_STRING_CATALOGS = YES;
				MTL_ENABLE_DEBUG_INFO = NO;
				MTL_FAST_MATH = YES;
				SDKROOT = iphoneos;
				SWIFT_COMPILATION_MODE = wholemodule;
				VALIDATE_PRODUCT = YES;
			};
			name = Release;
		};
		7D6ED5282E536EA000114673 /* Debug */ = {
			isa = XCBuildConfiguration;
			buildSettings = {
				BUNDLE_LOADER = "$(TEST_HOST)";
				CODE_SIGN_STYLE = Automatic;
				CURRENT_PROJECT_VERSION = 1;
				DEVELOPMENT_TEAM = FM5UA69R37;
				GENERATE_INFOPLIST_FILE = YES;
				IPHONEOS_DEPLOYMENT_TARGET = 18.2;
				MARKETING_VERSION = 1.0;
				PRODUCT_BUNDLE_IDENTIFIER = Kekwaker.JIFTTests;
				PRODUCT_NAME = "$(TARGET_NAME)";
				SWIFT_EMIT_LOC_STRINGS = NO;
				SWIFT_VERSION = 5.0;
				TARGETED_DEVICE_FAMILY = "1,2";
				TEST_HOST = "$(BUILT_PRODUCTS_DIR)/JIFT.app/$(BUNDLE_EXECUTABLE_FOLDER_PATH)/JIFT";
			};
			name = Debug;
		};
		7D6ED5292E536EA000114673 /* Release */ = {
			isa = XCBuildConfiguration;
			buildSettings = {
				BUNDLE_LOADER = "$(TEST_HOST)";
				CODE_SIGN_STYLE = Automatic;
				CURRENT_PROJECT_VERSION = 1;
				DEVELOPMENT_TEAM = FM5UA69R37;
				GENERATE_INFOPLIST_FILE = YES;
				IPHONEOS_DEPLOYMENT_TARGET = 18.2;
				MARKETING_VERSION = 1.0;
				PRODUCT_BUNDLE_IDENTIFIER = Kekwaker.JIFTTests;
				PRODUCT_NAME = "$(TARGET_NAME)";
				SWIFT_EMIT_LOC_STRINGS = NO;
				SWIFT_VERSION = 5.0;
				TARGETED_DEVICE_FAMILY = "1,2";
				TEST_HOST = "$(BUILT_PRODUCTS_DIR)/JIFT.app/$(BUNDLE_EXECUTABLE_FOLDER_PATH)/JIFT";
			};
			name = Release;
		};
		7D6ED52B2E536EA000114673 /* Debug */ = {
			isa = XCBuildConfiguration;
			buildSettings = {
				CODE_SIGN_STYLE = Automatic;
				CURRENT_PROJECT_VERSION = 1;
				DEVELOPMENT_TEAM = FM5UA69R37;
				GENERATE_INFOPLIST_FILE = YES;
				MARKETING_VERSION = 1.0;
				PRODUCT_BUNDLE_IDENTIFIER = Kekwaker.JIFTUITests;
				PRODUCT_NAME = "$(TARGET_NAME)";
				SWIFT_EMIT_LOC_STRINGS = NO;
				SWIFT_VERSION = 5.0;
				TARGETED_DEVICE_FAMILY = "1,2";
				TEST_TARGET_NAME = JIFT;
			};
			name = Debug;
		};
		7D6ED52C2E536EA000114673 /* Release */ = {
			isa = XCBuildConfiguration;
			buildSettings = {
				CODE_SIGN_STYLE = Automatic;
				CURRENT_PROJECT_VERSION = 1;
				DEVELOPMENT_TEAM = FM5UA69R37;
				GENERATE_INFOPLIST_FILE = YES;
				MARKETING_VERSION = 1.0;
				PRODUCT_BUNDLE_IDENTIFIER = Kekwaker.JIFTUITests;
				PRODUCT_NAME = "$(TARGET_NAME)";
				SWIFT_EMIT_LOC_STRINGS = NO;
				SWIFT_VERSION = 5.0;
				TARGETED_DEVICE_FAMILY = "1,2";
				TEST_TARGET_NAME = JIFT;
			};
			name = Release;
		};
/* End XCBuildConfiguration section */

/* Begin XCConfigurationList section */
		7D6ED4F12E536E9D00114673 /* Build configuration list for PBXProject "JIFT" */ = {
			isa = XCConfigurationList;
			buildConfigurations = (
				7D6ED5252E536EA000114673 /* Debug */,
				7D6ED5262E536EA000114673 /* Release */,
			);
			defaultConfigurationIsVisible = 0;
			defaultConfigurationName = Release;
		};
		7D6ED5222E536EA000114673 /* Build configuration list for PBXNativeTarget "JIFT" */ = {
			isa = XCConfigurationList;
			buildConfigurations = (
				7D6ED5232E536EA000114673 /* Debug */,
				7D6ED5242E536EA000114673 /* Release */,
			);
			defaultConfigurationIsVisible = 0;
			defaultConfigurationName = Release;
		};
		7D6ED5272E536EA000114673 /* Build configuration list for PBXNativeTarget "JIFTTests" */ = {
			isa = XCConfigurationList;
			buildConfigurations = (
				7D6ED5282E536EA000114673 /* Debug */,
				7D6ED5292E536EA000114673 /* Release */,
			);
			defaultConfigurationIsVisible = 0;
			defaultConfigurationName = Release;
		};
		7D6ED52A2E536EA000114673 /* Build configuration list for PBXNativeTarget "JIFTUITests" */ = {
			isa = XCConfigurationList;
			buildConfigurations = (
				7D6ED52B2E536EA000114673 /* Debug */,
				7D6ED52C2E536EA000114673 /* Release */,
			);
			defaultConfigurationIsVisible = 0;
			defaultConfigurationName = Release;
		};
/* End XCConfigurationList section */
	};
	rootObject = 7D6ED4EE2E536E9D00114673 /* Project object */;
}
